// !$*UTF8*$!
{
	archiveVersion = 1;
	classes = {
	};
	objectVersion = 56;
	objects = {

/* Begin PBXBuildFile section */
		3137F80F2A97D4FF00F13BE6 /* GHUserViewModel.swift in Sources */ = {isa = PBXBuildFile; fileRef = 3137F80E2A97D4FF00F13BE6 /* GHUserViewModel.swift */; };
		3137F8122A9A259F00F13BE6 /* GitHubUser.swift in Sources */ = {isa = PBXBuildFile; fileRef = 3137F8112A9A259F00F13BE6 /* GitHubUser.swift */; };
		315ADA312A8FDB9300B1A111 /* Struct.swift in Sources */ = {isa = PBXBuildFile; fileRef = 315ADA302A8FDB9300B1A111 /* Struct.swift */; };
		315ADA352A8FDBC800B1A111 /* ErrorHandler.swift in Sources */ = {isa = PBXBuildFile; fileRef = 315ADA342A8FDBC800B1A111 /* ErrorHandler.swift */; };
		315ADA3D2A8FE69600B1A111 /* UsersView.swift in Sources */ = {isa = PBXBuildFile; fileRef = 315ADA3C2A8FE69600B1A111 /* UsersView.swift */; };
		318FA4B52A8E9EFC00BD9063 /* Swift_APIsApp.swift in Sources */ = {isa = PBXBuildFile; fileRef = 318FA4B42A8E9EFC00BD9063 /* Swift_APIsApp.swift */; };
		318FA4B72A8E9EFC00BD9063 /* ContentView.swift in Sources */ = {isa = PBXBuildFile; fileRef = 318FA4B62A8E9EFC00BD9063 /* ContentView.swift */; };
		318FA4B92A8E9EFD00BD9063 /* Assets.xcassets in Resources */ = {isa = PBXBuildFile; fileRef = 318FA4B82A8E9EFD00BD9063 /* Assets.xcassets */; };
		318FA4BC2A8E9EFD00BD9063 /* Preview Assets.xcassets in Resources */ = {isa = PBXBuildFile; fileRef = 318FA4BB2A8E9EFD00BD9063 /* Preview Assets.xcassets */; };
/* End PBXBuildFile section */

/* Begin PBXFileReference section */
		3137F80D2A97C8EA00F13BE6 /* Swift-APIs.entitlements */ = {isa = PBXFileReference; lastKnownFileType = text.plist.entitlements; path = "Swift-APIs.entitlements"; sourceTree = "<group>"; };
		3137F80E2A97D4FF00F13BE6 /* GHUserViewModel.swift */ = {isa = PBXFileReference; lastKnownFileType = sourcecode.swift; path = GHUserViewModel.swift; sourceTree = "<group>"; };
		3137F8112A9A259F00F13BE6 /* GitHubUser.swift */ = {isa = PBXFileReference; lastKnownFileType = sourcecode.swift; path = GitHubUser.swift; sourceTree = "<group>"; };
		315ADA302A8FDB9300B1A111 /* Struct.swift */ = {isa = PBXFileReference; lastKnownFileType = sourcecode.swift; path = Struct.swift; sourceTree = "<group>"; };
		315ADA342A8FDBC800B1A111 /* ErrorHandler.swift */ = {isa = PBXFileReference; lastKnownFileType = sourcecode.swift; path = ErrorHandler.swift; sourceTree = "<group>"; };
		315ADA3C2A8FE69600B1A111 /* UsersView.swift */ = {isa = PBXFileReference; lastKnownFileType = sourcecode.swift; path = UsersView.swift; sourceTree = "<group>"; };
		318FA4B12A8E9EFC00BD9063 /* Swift-APIs.app */ = {isa = PBXFileReference; explicitFileType = wrapper.application; includeInIndex = 0; path = "Swift-APIs.app"; sourceTree = BUILT_PRODUCTS_DIR; };
		318FA4B42A8E9EFC00BD9063 /* Swift_APIsApp.swift */ = {isa = PBXFileReference; lastKnownFileType = sourcecode.swift; path = Swift_APIsApp.swift; sourceTree = "<group>"; };
		318FA4B62A8E9EFC00BD9063 /* ContentView.swift */ = {isa = PBXFileReference; lastKnownFileType = sourcecode.swift; path = ContentView.swift; sourceTree = "<group>"; };
		318FA4B82A8E9EFD00BD9063 /* Assets.xcassets */ = {isa = PBXFileReference; lastKnownFileType = folder.assetcatalog; path = Assets.xcassets; sourceTree = "<group>"; };
		318FA4BB2A8E9EFD00BD9063 /* Preview Assets.xcassets */ = {isa = PBXFileReference; lastKnownFileType = folder.assetcatalog; path = "Preview Assets.xcassets"; sourceTree = "<group>"; };
/* End PBXFileReference section */

/* Begin PBXFrameworksBuildPhase section */
		318FA4AE2A8E9EFC00BD9063 /* Frameworks */ = {
			isa = PBXFrameworksBuildPhase;
			buildActionMask = 2147483647;
			files = (
			);
			runOnlyForDeploymentPostprocessing = 0;
		};
/* End PBXFrameworksBuildPhase section */

/* Begin PBXGroup section */
		3137F8102A97DD2D00F13BE6 /* ViewModels */ = {
			isa = PBXGroup;
			children = (
				3137F80E2A97D4FF00F13BE6 /* GHUserViewModel.swift */,
			);
			path = ViewModels;
			sourceTree = "<group>";
		};
		315ADA2F2A8FDB8600B1A111 /* Models */ = {
			isa = PBXGroup;
			children = (
				315ADA302A8FDB9300B1A111 /* Struct.swift */,
				3137F8112A9A259F00F13BE6 /* GitHubUser.swift */,
				315ADA342A8FDBC800B1A111 /* ErrorHandler.swift */,
			);
			path = Models;
			sourceTree = "<group>";
		};
		318FA4A82A8E9EFC00BD9063 = {
			isa = PBXGroup;
			children = (
				318FA4B32A8E9EFC00BD9063 /* Swift-APIs */,
				318FA4B22A8E9EFC00BD9063 /* Products */,
			);
			sourceTree = "<group>";
		};
		318FA4B22A8E9EFC00BD9063 /* Products */ = {
			isa = PBXGroup;
			children = (
				318FA4B12A8E9EFC00BD9063 /* Swift-APIs.app */,
			);
			name = Products;
			sourceTree = "<group>";
		};
		318FA4B32A8E9EFC00BD9063 /* Swift-APIs */ = {
			isa = PBXGroup;
			children = (
				3137F80D2A97C8EA00F13BE6 /* Swift-APIs.entitlements */,
				318FA4B42A8E9EFC00BD9063 /* Swift_APIsApp.swift */,
				318FA4B62A8E9EFC00BD9063 /* ContentView.swift */,
				315ADA3C2A8FE69600B1A111 /* UsersView.swift */,
				3137F8102A97DD2D00F13BE6 /* ViewModels */,
				315ADA2F2A8FDB8600B1A111 /* Models */,
				318FA4B82A8E9EFD00BD9063 /* Assets.xcassets */,
				318FA4BA2A8E9EFD00BD9063 /* Preview Content */,
			);
			path = "Swift-APIs";
			sourceTree = "<group>";
		};
		318FA4BA2A8E9EFD00BD9063 /* Preview Content */ = {
			isa = PBXGroup;
			children = (
				318FA4BB2A8E9EFD00BD9063 /* Preview Assets.xcassets */,
			);
			path = "Preview Content";
			sourceTree = "<group>";
		};
/* End PBXGroup section */

/* Begin PBXNativeTarget section */
		318FA4B02A8E9EFC00BD9063 /* Swift-APIs */ = {
			isa = PBXNativeTarget;
			buildConfigurationList = 318FA4BF2A8E9EFD00BD9063 /* Build configuration list for PBXNativeTarget "Swift-APIs" */;
			buildPhases = (
				318FA4AD2A8E9EFC00BD9063 /* Sources */,
				318FA4AE2A8E9EFC00BD9063 /* Frameworks */,
				318FA4AF2A8E9EFC00BD9063 /* Resources */,
			);
			buildRules = (
			);
			dependencies = (
			);
			name = "Swift-APIs";
			productName = "Swift-APIs";
			productReference = 318FA4B12A8E9EFC00BD9063 /* Swift-APIs.app */;
			productType = "com.apple.product-type.application";
		};
/* End PBXNativeTarget section */

/* Begin PBXProject section */
		318FA4A92A8E9EFC00BD9063 /* Project object */ = {
			isa = PBXProject;
			attributes = {
				BuildIndependentTargetsInParallel = 1;
				LastSwiftUpdateCheck = 1430;
				LastUpgradeCheck = 1430;
				TargetAttributes = {
					318FA4B02A8E9EFC00BD9063 = {
						CreatedOnToolsVersion = 14.3.1;
					};
				};
			};
			buildConfigurationList = 318FA4AC2A8E9EFC00BD9063 /* Build configuration list for PBXProject "Swift-APIs" */;
			compatibilityVersion = "Xcode 14.0";
			developmentRegion = en;
			hasScannedForEncodings = 0;
			knownRegions = (
				en,
				Base,
			);
			mainGroup = 318FA4A82A8E9EFC00BD9063;
			productRefGroup = 318FA4B22A8E9EFC00BD9063 /* Products */;
			projectDirPath = "";
			projectRoot = "";
			targets = (
				318FA4B02A8E9EFC00BD9063 /* Swift-APIs */,
			);
		};
/* End PBXProject section */

/* Begin PBXResourcesBuildPhase section */
		318FA4AF2A8E9EFC00BD9063 /* Resources */ = {
			isa = PBXResourcesBuildPhase;
			buildActionMask = 2147483647;
			files = (
				318FA4BC2A8E9EFD00BD9063 /* Preview Assets.xcassets in Resources */,
				318FA4B92A8E9EFD00BD9063 /* Assets.xcassets in Resources */,
			);
			runOnlyForDeploymentPostprocessing = 0;
		};
/* End PBXResourcesBuildPhase section */

/* Begin PBXSourcesBuildPhase section */
		318FA4AD2A8E9EFC00BD9063 /* Sources */ = {
			isa = PBXSourcesBuildPhase;
			buildActionMask = 2147483647;
			files = (
				3137F8122A9A259F00F13BE6 /* GitHubUser.swift in Sources */,
				315ADA312A8FDB9300B1A111 /* Struct.swift in Sources */,
				315ADA352A8FDBC800B1A111 /* ErrorHandler.swift in Sources */,
				3137F80F2A97D4FF00F13BE6 /* GHUserViewModel.swift in Sources */,
				318FA4B72A8E9EFC00BD9063 /* ContentView.swift in Sources */,
				315ADA3D2A8FE69600B1A111 /* UsersView.swift in Sources */,
				318FA4B52A8E9EFC00BD9063 /* Swift_APIsApp.swift in Sources */,
			);
			runOnlyForDeploymentPostprocessing = 0;
		};
/* End PBXSourcesBuildPhase section */

/* Begin XCBuildConfiguration section */
		318FA4BD2A8E9EFD00BD9063 /* Debug */ = {
			isa = XCBuildConfiguration;
			buildSettings = {
				ALWAYS_SEARCH_USER_PATHS = NO;
				CLANG_ANALYZER_NONNULL = YES;
				CLANG_ANALYZER_NUMBER_OBJECT_CONVERSION = YES_AGGRESSIVE;
				CLANG_CXX_LANGUAGE_STANDARD = "gnu++20";
				CLANG_ENABLE_MODULES = YES;
				CLANG_ENABLE_OBJC_ARC = YES;
				CLANG_ENABLE_OBJC_WEAK = YES;
				CLANG_WARN_BLOCK_CAPTURE_AUTORELEASING = YES;
				CLANG_WARN_BOOL_CONVERSION = YES;
				CLANG_WARN_COMMA = YES;
				CLANG_WARN_CONSTANT_CONVERSION = YES;
				CLANG_WARN_DEPRECATED_OBJC_IMPLEMENTATIONS = YES;
				CLANG_WARN_DIRECT_OBJC_ISA_USAGE = YES_ERROR;
				CLANG_WARN_DOCUMENTATION_COMMENTS = YES;
				CLANG_WARN_EMPTY_BODY = YES;
				CLANG_WARN_ENUM_CONVERSION = YES;
				CLANG_WARN_INFINITE_RECURSION = YES;
				CLANG_WARN_INT_CONVERSION = YES;
				CLANG_WARN_NON_LITERAL_NULL_CONVERSION = YES;
				CLANG_WARN_OBJC_IMPLICIT_RETAIN_SELF = YES;
				CLANG_WARN_OBJC_LITERAL_CONVERSION = YES;
				CLANG_WARN_OBJC_ROOT_CLASS = YES_ERROR;
				CLANG_WARN_QUOTED_INCLUDE_IN_FRAMEWORK_HEADER = YES;
				CLANG_WARN_RANGE_LOOP_ANALYSIS = YES;
				CLANG_WARN_STRICT_PROTOTYPES = YES;
				CLANG_WARN_SUSPICIOUS_MOVE = YES;
				CLANG_WARN_UNGUARDED_AVAILABILITY = YES_AGGRESSIVE;
				CLANG_WARN_UNREACHABLE_CODE = YES;
				CLANG_WARN__DUPLICATE_METHOD_MATCH = YES;
				COPY_PHASE_STRIP = NO;
				DEBUG_INFORMATION_FORMAT = dwarf;
				ENABLE_STRICT_OBJC_MSGSEND = YES;
				ENABLE_TESTABILITY = YES;
				GCC_C_LANGUAGE_STANDARD = gnu11;
				GCC_DYNAMIC_NO_PIC = NO;
				GCC_NO_COMMON_BLOCKS = YES;
				GCC_OPTIMIZATION_LEVEL = 0;
				GCC_PREPROCESSOR_DEFINITIONS = (
					"DEBUG=1",
					"$(inherited)",
				);
				GCC_WARN_64_TO_32_BIT_CONVERSION = YES;
				GCC_WARN_ABOUT_RETURN_TYPE = YES_ERROR;
				GCC_WARN_UNDECLARED_SELECTOR = YES;
				GCC_WARN_UNINITIALIZED_AUTOS = YES_AGGRESSIVE;
				GCC_WARN_UNUSED_FUNCTION = YES;
				GCC_WARN_UNUSED_VARIABLE = YES;
				IPHONEOS_DEPLOYMENT_TARGET = 16.4;
				MTL_ENABLE_DEBUG_INFO = INCLUDE_SOURCE;
				MTL_FAST_MATH = YES;
				ONLY_ACTIVE_ARCH = YES;
				SDKROOT = iphoneos;
				SWIFT_ACTIVE_COMPILATION_CONDITIONS = DEBUG;
				SWIFT_OPTIMIZATION_LEVEL = "-Onone";
			};
			name = Debug;
		};
		318FA4BE2A8E9EFD00BD9063 /* Release */ = {
			isa = XCBuildConfiguration;
			buildSettings = {
				ALWAYS_SEARCH_USER_PATHS = NO;
				CLANG_ANALYZER_NONNULL = YES;
				CLANG_ANALYZER_NUMBER_OBJECT_CONVERSION = YES_AGGRESSIVE;
				CLANG_CXX_LANGUAGE_STANDARD = "gnu++20";
				CLANG_ENABLE_MODULES = YES;
				CLANG_ENABLE_OBJC_ARC = YES;
				CLANG_ENABLE_OBJC_WEAK = YES;
				CLANG_WARN_BLOCK_CAPTURE_AUTORELEASING = YES;
				CLANG_WARN_BOOL_CONVERSION = YES;
				CLANG_WARN_COMMA = YES;
				CLANG_WARN_CONSTANT_CONVERSION = YES;
				CLANG_WARN_DEPRECATED_OBJC_IMPLEMENTATIONS = YES;
				CLANG_WARN_DIRECT_OBJC_ISA_USAGE = YES_ERROR;
				CLANG_WARN_DOCUMENTATION_COMMENTS = YES;
				CLANG_WARN_EMPTY_BODY = YES;
				CLANG_WARN_ENUM_CONVERSION = YES;
				CLANG_WARN_INFINITE_RECURSION = YES;
				CLANG_WARN_INT_CONVERSION = YES;
				CLANG_WARN_NON_LITERAL_NULL_CONVERSION = YES;
				CLANG_WARN_OBJC_IMPLICIT_RETAIN_SELF = YES;
				CLANG_WARN_OBJC_LITERAL_CONVERSION = YES;
				CLANG_WARN_OBJC_ROOT_CLASS = YES_ERROR;
				CLANG_WARN_QUOTED_INCLUDE_IN_FRAMEWORK_HEADER = YES;
				CLANG_WARN_RANGE_LOOP_ANALYSIS = YES;
				CLANG_WARN_STRICT_PROTOTYPES = YES;
				CLANG_WARN_SUSPICIOUS_MOVE = YES;
				CLANG_WARN_UNGUARDED_AVAILABILITY = YES_AGGRESSIVE;
				CLANG_WARN_UNREACHABLE_CODE = YES;
				CLANG_WARN__DUPLICATE_METHOD_MATCH = YES;
				COPY_PHASE_STRIP = NO;
				DEBUG_INFORMATION_FORMAT = "dwarf-with-dsym";
				ENABLE_NS_ASSERTIONS = NO;
				ENABLE_STRICT_OBJC_MSGSEND = YES;
				GCC_C_LANGUAGE_STANDARD = gnu11;
				GCC_NO_COMMON_BLOCKS = YES;
				GCC_WARN_64_TO_32_BIT_CONVERSION = YES;
				GCC_WARN_ABOUT_RETURN_TYPE = YES_ERROR;
				GCC_WARN_UNDECLARED_SELECTOR = YES;
				GCC_WARN_UNINITIALIZED_AUTOS = YES_AGGRESSIVE;
				GCC_WARN_UNUSED_FUNCTION = YES;
				GCC_WARN_UNUSED_VARIABLE = YES;
				IPHONEOS_DEPLOYMENT_TARGET = 16.4;
				MTL_ENABLE_DEBUG_INFO = NO;
				MTL_FAST_MATH = YES;
				SDKROOT = iphoneos;
				SWIFT_COMPILATION_MODE = wholemodule;
				SWIFT_OPTIMIZATION_LEVEL = "-O";
				VALIDATE_PRODUCT = YES;
			};
			name = Release;
		};
		318FA4C02A8E9EFD00BD9063 /* Debug */ = {
			isa = XCBuildConfiguration;
			buildSettings = {
				ASSETCATALOG_COMPILER_APPICON_NAME = AppIcon;
				ASSETCATALOG_COMPILER_GLOBAL_ACCENT_COLOR_NAME = AccentColor;
				CODE_SIGN_ENTITLEMENTS = "Swift-APIs/Swift-APIs.entitlements";
				CODE_SIGN_STYLE = Automatic;
				CURRENT_PROJECT_VERSION = 1;
				DEVELOPMENT_ASSET_PATHS = "\"Swift-APIs/Preview Content\"";
				DEVELOPMENT_TEAM = HX623XK8T6;
				ENABLE_PREVIEWS = YES;
				GENERATE_INFOPLIST_FILE = YES;
				INFOPLIST_KEY_UIApplicationSceneManifest_Generation = YES;
				INFOPLIST_KEY_UIApplicationSupportsIndirectInputEvents = YES;
				INFOPLIST_KEY_UILaunchScreen_Generation = YES;
				INFOPLIST_KEY_UISupportedInterfaceOrientations_iPad = "UIInterfaceOrientationPortrait UIInterfaceOrientationPortraitUpsideDown UIInterfaceOrientationLandscapeLeft UIInterfaceOrientationLandscapeRight";
				INFOPLIST_KEY_UISupportedInterfaceOrientations_iPhone = "UIInterfaceOrientationPortrait UIInterfaceOrientationLandscapeLeft UIInterfaceOrientationLandscapeRight";
				LD_RUNPATH_SEARCH_PATHS = (
					"$(inherited)",
					"@executable_path/Frameworks",
				);
				MARKETING_VERSION = 1.0;
				PRODUCT_BUNDLE_IDENTIFIER = "Enrique.Swift-APIs";
				PRODUCT_NAME = "$(TARGET_NAME)";
				SWIFT_EMIT_LOC_STRINGS = YES;
				SWIFT_VERSION = 5.0;
				TARGETED_DEVICE_FAMILY = "1,2";
			};
			name = Debug;
		};
		318FA4C12A8E9EFD00BD9063 /* Release */ = {
			isa = XCBuildConfiguration;
			buildSettings = {
				ASSETCATALOG_COMPILER_APPICON_NAME = AppIcon;
				ASSETCATALOG_COMPILER_GLOBAL_ACCENT_COLOR_NAME = AccentColor;
				CODE_SIGN_ENTITLEMENTS = "Swift-APIs/Swift-APIs.entitlements";
				CODE_SIGN_STYLE = Automatic;
				CURRENT_PROJECT_VERSION = 1;
				DEVELOPMENT_ASSET_PATHS = "\"Swift-APIs/Preview Content\"";
				DEVELOPMENT_TEAM = HX623XK8T6;
				ENABLE_PREVIEWS = YES;
				GENERATE_INFOPLIST_FILE = YES;
				INFOPLIST_KEY_UIApplicationSceneManifest_Generation = YES;
				INFOPLIST_KEY_UIApplicationSupportsIndirectInputEvents = YES;
				INFOPLIST_KEY_UILaunchScreen_Generation = YES;
				INFOPLIST_KEY_UISupportedInterfaceOrientations_iPad = "UIInterfaceOrientationPortrait UIInterfaceOrientationPortraitUpsideDown UIInterfaceOrientationLandscapeLeft UIInterfaceOrientationLandscapeRight";
				INFOPLIST_KEY_UISupportedInterfaceOrientations_iPhone = "UIInterfaceOrientationPortrait UIInterfaceOrientationLandscapeLeft UIInterfaceOrientationLandscapeRight";
				LD_RUNPATH_SEARCH_PATHS = (
					"$(inherited)",
					"@executable_path/Frameworks",
				);
				MARKETING_VERSION = 1.0;
				PRODUCT_BUNDLE_IDENTIFIER = "Enrique.Swift-APIs";
				PRODUCT_NAME = "$(TARGET_NAME)";
				SWIFT_EMIT_LOC_STRINGS = YES;
				SWIFT_VERSION = 5.0;
				TARGETED_DEVICE_FAMILY = "1,2";
			};
			name = Release;
		};
/* End XCBuildConfiguration section */

/* Begin XCConfigurationList section */
		318FA4AC2A8E9EFC00BD9063 /* Build configuration list for PBXProject "Swift-APIs" */ = {
			isa = XCConfigurationList;
			buildConfigurations = (
				318FA4BD2A8E9EFD00BD9063 /* Debug */,
				318FA4BE2A8E9EFD00BD9063 /* Release */,
			);
			defaultConfigurationIsVisible = 0;
			defaultConfigurationName = Release;
		};
		318FA4BF2A8E9EFD00BD9063 /* Build configuration list for PBXNativeTarget "Swift-APIs" */ = {
			isa = XCConfigurationList;
			buildConfigurations = (
				318FA4C02A8E9EFD00BD9063 /* Debug */,
				318FA4C12A8E9EFD00BD9063 /* Release */,
			);
			defaultConfigurationIsVisible = 0;
			defaultConfigurationName = Release;
		};
/* End XCConfigurationList section */
	};
	rootObject = 318FA4A92A8E9EFC00BD9063 /* Project object */;
}
